
Microsoft Visual Studio Solution File, Format Version 12.00
# Visual Studio Version 16
VisualStudioVersion = 16.0.31911.196
MinimumVisualStudioVersion = 10.0.40219.1
Project("{FAE04EC0-301F-11D3-BF4B-00C04F79EFBC}") = "DrSproc.App", "DrSproc.App\DrSproc.App.csproj", "{4BD10B74-89B6-4D2F-93EA-6BD77F6195D0}"
EndProject
Project("{FAE04EC0-301F-11D3-BF4B-00C04F79EFBC}") = "DrSproc.Tests", "DrSproc.Tests\DrSproc.Tests.csproj", "{3BBBCC19-5531-4A90-B7F3-68D890420749}"
EndProject
Global
	GlobalSection(SolutionConfigurationPlatforms) = preSolution
		Debug|Any CPU = Debug|Any CPU
		Release|Any CPU = Release|Any CPU
	EndGlobalSection
	GlobalSection(ProjectConfigurationPlatforms) = postSolution
		{4BD10B74-89B6-4D2F-93EA-6BD77F6195D0}.Debug|Any CPU.ActiveCfg = Debug|Any CPU
		{4BD10B74-89B6-4D2F-93EA-6BD77F6195D0}.Debug|Any CPU.Build.0 = Debug|Any CPU
		{4BD10B74-89B6-4D2F-93EA-6BD77F6195D0}.Release|Any CPU.ActiveCfg = Release|Any CPU
		{4BD10B74-89B6-4D2F-93EA-6BD77F6195D0}.Release|Any CPU.Build.0 = Release|Any CPU
		{3BBBCC19-5531-4A90-B7F3-68D890420749}.Debug|Any CPU.ActiveCfg = Debug|Any CPU
		{3BBBCC19-5531-4A90-B7F3-68D890420749}.Debug|Any CPU.Build.0 = Debug|Any CPU
		{3BBBCC19-5531-4A90-B7F3-68D890420749}.Release|Any CPU.ActiveCfg = Release|Any CPU
		{3BBBCC19-5531-4A90-B7F3-68D890420749}.Release|Any CPU.Build.0 = Release|Any CPU
	EndGlobalSection
	GlobalSection(SolutionProperties) = preSolution
		HideSolutionNode = FALSE
	EndGlobalSection
	GlobalSection(ExtensibilityGlobals) = postSolution
		SolutionGuid = {A2DFAFC8-F9DD-4AE7-9A2A-4724FE3FB68F}
	EndGlobalSection
EndGlobal
